{
    "format_version": "1.2",
    "terraform_version": "1.14.2",
    "planned_values": {
        "root_module": {
            "resources": [
                {
                    "address": "aws_s3_bucket.dados_sensiveis",
                    "mode": "managed",
                    "type": "aws_s3_bucket",
                    "name": "dados_sensiveis",
                    "provider_name": "registry.terraform.io/hashicorp/aws",
                    "schema_version": 0,
                    "values": {
                        "bucket": "meu-bucket-vulneravel",
                        "force_destroy": false,
                        "region": "us-east-1",
                        "tags": null,
                        "timeouts": null
                    },
                    "sensitive_values": {
                        "cors_rule": [],
                        "grant": [],
                        "lifecycle_rule": [],
                        "logging": [],
                        "object_lock_configuration": [],
                        "replication_configuration": [],
                        "server_side_encryption_configuration": [],
                        "tags_all": {},
                        "versioning": [],
                        "website": []
                    },
                    "identity_schema_version": 0,
                    "identity": {
                        "account_id": null,
                        "bucket": null,
                        "region": null
                    }
                },
                {
                    "address": "aws_s3_bucket_public_access_block.public_access",
                    "mode": "managed",
                    "type": "aws_s3_bucket_public_access_block",
                    "name": "public_access",
                    "provider_name": "registry.terraform.io/hashicorp/aws",
                    "schema_version": 0,
                    "values": {
                        "block_public_acls": false,
                        "block_public_policy": false,
                        "ignore_public_acls": false,
                        "region": "us-east-1",
                        "restrict_public_buckets": false,
                        "skip_destroy": null
                    },
                    "sensitive_values": {},
                    "identity_schema_version": 0,
                    "identity": {
                        "account_id": null,
                        "bucket": null,
                        "region": null
                    }
                }
            ]
        }
    },
    "resource_changes": [
        {
            "address": "aws_s3_bucket.dados_sensiveis",
            "mode": "managed",
            "type": "aws_s3_bucket",
            "name": "dados_sensiveis",
            "provider_name": "registry.terraform.io/hashicorp/aws",
            "change": {
                "actions": [
                    "create"
                ],
                "before": null,
                "after": {
                    "bucket": "meu-bucket-vulneravel",
                    "force_destroy": false,
                    "region": "us-east-1",
                    "tags": null,
                    "timeouts": null
                },
                "after_unknown": {
                    "acceleration_status": true,
                    "acl": true,
                    "arn": true,
                    "bucket_domain_name": true,
                    "bucket_prefix": true,
                    "bucket_region": true,
                    "bucket_regional_domain_name": true,
                    "cors_rule": true,
                    "grant": true,
                    "hosted_zone_id": true,
                    "id": true,
                    "lifecycle_rule": true,
                    "logging": true,
                    "object_lock_configuration": true,
                    "object_lock_enabled": true,
                    "policy": true,
                    "replication_configuration": true,
                    "request_payer": true,
                    "server_side_encryption_configuration": true,
                    "tags_all": true,
                    "versioning": true,
                    "website": true,
                    "website_domain": true,
                    "website_endpoint": true
                },
                "before_sensitive": false,
                "after_sensitive": {
                    "cors_rule": [],
                    "grant": [],
                    "lifecycle_rule": [],
                    "logging": [],
                    "object_lock_configuration": [],
                    "replication_configuration": [],
                    "server_side_encryption_configuration": [],
                    "tags_all": {},
                    "versioning": [],
                    "website": []
                },
                "after_identity": {
                    "account_id": null,
                    "bucket": null,
                    "region": null
                }
            }
        },
        {
            "address": "aws_s3_bucket_public_access_block.public_access",
            "mode": "managed",
            "type": "aws_s3_bucket_public_access_block",
            "name": "public_access",
            "provider_name": "registry.terraform.io/hashicorp/aws",
            "change": {
                "actions": [
                    "create"
                ],
                "before": null,
                "after": {
                    "block_public_acls": false,
                    "block_public_policy": false,
                    "ignore_public_acls": false,
                    "region": "us-east-1",
                    "restrict_public_buckets": false,
                    "skip_destroy": null
                },
                "after_unknown": {
                    "bucket": true,
                    "id": true
                },
                "before_sensitive": false,
                "after_sensitive": {},
                "after_identity": {
                    "account_id": null,
                    "bucket": null,
                    "region": null
                }
            }
        }
    ],
    "configuration": {
        "provider_config": {
            "aws": {
                "name": "aws",
                "full_name": "registry.terraform.io/hashicorp/aws",
                "expressions": {
                    "access_key": {
                        "constant_value": "test"
                    },
                    "endpoints": [
                        {
                            "account": {
                                "constant_value": "http://localhost:4566"
                            },
                            "acm": {
                                "constant_value": "http://localhost:4566"
                            },
                            "acmpca": {
                                "constant_value": "http://localhost:4566"
                            },
                            "amplify": {
                                "constant_value": "http://localhost:4566"
                            },
                            "apigateway": {
                                "constant_value": "http://localhost:4566"
                            },
                            "apigatewayv2": {
                                "constant_value": "http://localhost:4566"
                            },
                            "appautoscaling": {
                                "constant_value": "http://localhost:4566"
                            },
                            "appconfig": {
                                "constant_value": "http://localhost:4566"
                            },
                            "appflow": {
                                "constant_value": "http://localhost:4566"
                            },
                            "appsync": {
                                "constant_value": "http://localhost:4566"
                            },
                            "athena": {
                                "constant_value": "http://localhost:4566"
                            },
                            "autoscaling": {
                                "constant_value": "http://localhost:4566"
                            },
                            "backup": {
                                "constant_value": "http://localhost:4566"
                            },
                            "batch": {
                                "constant_value": "http://localhost:4566"
                            },
                            "bedrock": {
                                "constant_value": "http://localhost:4566"
                            },
                            "ce": {
                                "constant_value": "http://localhost:4566"
                            },
                            "cloudcontrol": {
                                "constant_value": "http://localhost:4566"
                            },
                            "cloudformation": {
                                "constant_value": "http://localhost:4566"
                            },
                            "cloudfront": {
                                "constant_value": "http://localhost:4566"
                            },
                            "cloudsearch": {
                                "constant_value": "http://localhost:4566"
                            },
                            "cloudtrail": {
                                "constant_value": "http://localhost:4566"
                            },
                            "cloudwatch": {
                                "constant_value": "http://localhost:4566"
                            },
                            "codebuild": {
                                "constant_value": "http://localhost:4566"
                            },
                            "codecommit": {
                                "constant_value": "http://localhost:4566"
                            },
                            "codeconnections": {
                                "constant_value": "http://localhost:4566"
                            },
                            "codepipeline": {
                                "constant_value": "http://localhost:4566"
                            },
                            "cognitoidentity": {
                                "constant_value": "http://localhost:4566"
                            },
                            "cognitoidp": {
                                "constant_value": "http://localhost:4566"
                            },
                            "configservice": {
                                "constant_value": "http://localhost:4566"
                            },
                            "deploy": {
                                "constant_value": "http://localhost:4566"
                            },
                            "docdb": {
                                "constant_value": "http://localhost:4566"
                            },
                            "dynamodb": {
                                "constant_value": "http://localhost:4566"
                            },
                            "ec2": {
                                "constant_value": "http://localhost:4566"
                            },
                            "ecr": {
                                "constant_value": "http://localhost:4566"
                            },
                            "ecs": {
                                "constant_value": "http://localhost:4566"
                            },
                            "efs": {
                                "constant_value": "http://localhost:4566"
                            },
                            "eks": {
                                "constant_value": "http://localhost:4566"
                            },
                            "elasticache": {
                                "constant_value": "http://localhost:4566"
                            },
                            "elasticbeanstalk": {
                                "constant_value": "http://localhost:4566"
                            },
                            "elasticsearch": {
                                "constant_value": "http://localhost:4566"
                            },
                            "elastictranscoder": {
                                "constant_value": "http://localhost:4566"
                            },
                            "elb": {
                                "constant_value": "http://localhost:4566"
                            },
                            "elbv2": {
                                "constant_value": "http://localhost:4566"
                            },
                            "emr": {
                                "constant_value": "http://localhost:4566"
                            },
                            "events": {
                                "constant_value": "http://localhost:4566"
                            },
                            "firehose": {
                                "constant_value": "http://localhost:4566"
                            },
                            "fis": {
                                "constant_value": "http://localhost:4566"
                            },
                            "glacier": {
                                "constant_value": "http://localhost:4566"
                            },
                            "glue": {
                                "constant_value": "http://localhost:4566"
                            },
                            "iam": {
                                "constant_value": "http://localhost:4566"
                            },
                            "iot": {
                                "constant_value": "http://localhost:4566"
                            },
                            "kafka": {
                                "constant_value": "http://localhost:4566"
                            },
                            "keyspaces": {
                                "constant_value": "http://localhost:4566"
                            },
                            "kinesis": {
                                "constant_value": "http://localhost:4566"
                            },
                            "kinesisanalytics": {
                                "constant_value": "http://localhost:4566"
                            },
                            "kinesisanalyticsv2": {
                                "constant_value": "http://localhost:4566"
                            },
                            "kms": {
                                "constant_value": "http://localhost:4566"
                            },
                            "lakeformation": {
                                "constant_value": "http://localhost:4566"
                            },
                            "lambda": {
                                "constant_value": "http://localhost:4566"
                            },
                            "logs": {
                                "constant_value": "http://localhost:4566"
                            },
                            "mediaconvert": {
                                "constant_value": "http://localhost:4566"
                            },
                            "mediastore": {
                                "constant_value": "http://localhost:4566"
                            },
                            "memorydb": {
                                "constant_value": "http://localhost:4566"
                            },
                            "mq": {
                                "constant_value": "http://localhost:4566"
                            },
                            "mwaa": {
                                "constant_value": "http://mwaa.localhost.localstack.cloud:4566"
                            },
                            "neptune": {
                                "constant_value": "http://localhost:4566"
                            },
                            "opensearch": {
                                "constant_value": "http://localhost:4566"
                            },
                            "organizations": {
                                "constant_value": "http://localhost:4566"
                            },
                            "pinpoint": {
                                "constant_value": "http://localhost:4566"
                            },
                            "pipes": {
                                "constant_value": "http://localhost:4566"
                            },
                            "qldb": {
                                "constant_value": "http://localhost:4566"
                            },
                            "ram": {
                                "constant_value": "http://localhost:4566"
                            },
                            "rds": {
                                "constant_value": "http://localhost:4566"
                            },
                            "redshift": {
                                "constant_value": "http://localhost:4566"
                            },
                            "redshiftdata": {
                                "constant_value": "http://localhost:4566"
                            },
                            "resourcegroups": {
                                "constant_value": "http://localhost:4566"
                            },
                            "resourcegroupstaggingapi": {
                                "constant_value": "http://localhost:4566"
                            },
                            "route53": {
                                "constant_value": "http://localhost:4566"
                            },
                            "route53domains": {
                                "constant_value": "http://localhost:4566"
                            },
                            "route53resolver": {
                                "constant_value": "http://localhost:4566"
                            },
                            "s3": {
                                "constant_value": "http://s3.localhost.localstack.cloud:4566"
                            },
                            "s3control": {
                                "constant_value": "http://localhost.localstack.cloud:4566"
                            },
                            "sagemaker": {
                                "constant_value": "http://localhost:4566"
                            },
                            "scheduler": {
                                "constant_value": "http://localhost:4566"
                            },
                            "secretsmanager": {
                                "constant_value": "http://localhost:4566"
                            },
                            "serverlessrepo": {
                                "constant_value": "http://localhost:4566"
                            },
                            "servicediscovery": {
                                "constant_value": "http://localhost:4566"
                            },
                            "ses": {
                                "constant_value": "http://localhost:4566"
                            },
                            "sesv2": {
                                "constant_value": "http://localhost:4566"
                            },
                            "sfn": {
                                "constant_value": "http://localhost:4566"
                            },
                            "shield": {
                                "constant_value": "http://localhost:4566"
                            },
                            "sns": {
                                "constant_value": "http://localhost:4566"
                            },
                            "sqs": {
                                "constant_value": "http://localhost:4566"
                            },
                            "ssm": {
                                "constant_value": "http://localhost:4566"
                            },
                            "sts": {
                                "constant_value": "http://localhost:4566"
                            },
                            "swf": {
                                "constant_value": "http://localhost:4566"
                            },
                            "timestreamwrite": {
                                "constant_value": "http://localhost:4566"
                            },
                            "transcribe": {
                                "constant_value": "http://localhost:4566"
                            },
                            "transfer": {
                                "constant_value": "http://localhost:4566"
                            },
                            "verifiedpermissions": {
                                "constant_value": "http://localhost:4566"
                            },
                            "waf": {
                                "constant_value": "http://localhost:4566"
                            },
                            "wafv2": {
                                "constant_value": "http://localhost:4566"
                            },
                            "xray": {
                                "constant_value": "http://localhost:4566"
                            }
                        }
                    ],
                    "region": {
                        "constant_value": "us-east-1"
                    },
                    "secret_key": {
                        "constant_value": "test"
                    },
                    "skip_credentials_validation": {
                        "constant_value": true
                    },
                    "skip_metadata_api_check": {
                        "constant_value": true
                    },
                    "skip_requesting_account_id": {
                        "constant_value": true
                    }
                }
            }
        },
        "root_module": {
            "resources": [
                {
                    "address": "aws_s3_bucket.dados_sensiveis",
                    "mode": "managed",
                    "type": "aws_s3_bucket",
                    "name": "dados_sensiveis",
                    "provider_config_key": "aws",
                    "expressions": {
                        "bucket": {
                            "constant_value": "meu-bucket-vulneravel"
                        }
                    },
                    "schema_version": 0
                },
                {
                    "address": "aws_s3_bucket_public_access_block.public_access",
                    "mode": "managed",
                    "type": "aws_s3_bucket_public_access_block",
                    "name": "public_access",
                    "provider_config_key": "aws",
                    "expressions": {
                        "block_public_acls": {
                            "constant_value": false
                        },
                        "block_public_policy": {
                            "constant_value": false
                        },
                        "bucket": {
                            "references": [
                                "aws_s3_bucket.dados_sensiveis.id",
                                "aws_s3_bucket.dados_sensiveis"
                            ]
                        },
                        "ignore_public_acls": {
                            "constant_value": false
                        },
                        "restrict_public_buckets": {
                            "constant_value": false
                        }
                    },
                    "schema_version": 0
                }
            ]
        }
    },
    "relevant_attributes": [
        {
            "resource": "aws_s3_bucket.dados_sensiveis",
            "attribute": [
                "id"
            ]
        }
    ],
    "timestamp": "2025-12-13T16:29:32Z",
    "applyable": true,
    "complete": true,
    "errored": false
}